{
    "_meta": {
        "hash": {
            "sha256": "0335b4e8c606f44cae4dd2f85fa2f16de3671115655dff70854007b484ba044f"
        },
        "pipfile-spec": 6,
        "requires": {
            "python_version": "3.10"
        },
        "sources": [
            {
                "name": "pypi",
                "url": "https://pypi.org/simple",
                "verify_ssl": true
            }
        ]
    },
    "default": {
        "cabby": {
            "hashes": [
                "sha256:0897ba02b39d85b8a3baedb1d9f74c5de56940e5d28ea6d1de59c527a2e0fb9e",
                "sha256:93660e4b71495416864f69c4e7c7410deb00a6af4f7241dfb4bb754a5e7e02f5"
            ],
            "index": "pypi",
            "version": "==0.1.23"
        },
        "certifi": {
            "hashes": [
                "sha256:539cc1d13202e33ca466e88b2807e29f4c13049d6d87031a3c110744495cb082",
                "sha256:92d6037539857d8206b8f6ae472e8b77db8058fec5937a1ef3f54304089edbb9"
            ],
            "markers": "python_version >= '3.6'",
            "version": "==2023.7.22"
        },
        "charset-normalizer": {
            "hashes": [
                "sha256:04e57ab9fbf9607b77f7d057974694b4f6b142da9ed4a199859d9d4d5c63fe96",
                "sha256:09393e1b2a9461950b1c9a45d5fd251dc7c6f228acab64da1c9c0165d9c7765c",
                "sha256:0b87549028f680ca955556e3bd57013ab47474c3124dc069faa0b6545b6c9710",
                "sha256:1000fba1057b92a65daec275aec30586c3de2401ccdcd41f8a5c1e2c87078706",
                "sha256:1249cbbf3d3b04902ff081ffbb33ce3377fa6e4c7356f759f3cd076cc138d020",
                "sha256:1920d4ff15ce893210c1f0c0e9d19bfbecb7983c76b33f046c13a8ffbd570252",
                "sha256:193cbc708ea3aca45e7221ae58f0fd63f933753a9bfb498a3b474878f12caaad",
                "sha256:1a100c6d595a7f316f1b6f01d20815d916e75ff98c27a01ae817439ea7726329",
                "sha256:1f30b48dd7fa1474554b0b0f3fdfdd4c13b5c737a3c6284d3cdc424ec0ffff3a",
                "sha256:203f0c8871d5a7987be20c72442488a0b8cfd0f43b7973771640fc593f56321f",
                "sha256:246de67b99b6851627d945db38147d1b209a899311b1305dd84916f2b88526c6",
                "sha256:2dee8e57f052ef5353cf608e0b4c871aee320dd1b87d351c28764fc0ca55f9f4",
                "sha256:2efb1bd13885392adfda4614c33d3b68dee4921fd0ac1d3988f8cbb7d589e72a",
                "sha256:2f4ac36d8e2b4cc1aa71df3dd84ff8efbe3bfb97ac41242fbcfc053c67434f46",
                "sha256:3170c9399da12c9dc66366e9d14da8bf7147e1e9d9ea566067bbce7bb74bd9c2",
                "sha256:3b1613dd5aee995ec6d4c69f00378bbd07614702a315a2cf6c1d21461fe17c23",
                "sha256:3bb3d25a8e6c0aedd251753a79ae98a093c7e7b471faa3aa9a93a81431987ace",
                "sha256:3bb7fda7260735efe66d5107fb7e6af6a7c04c7fce9b2514e04b7a74b06bf5dd",
                "sha256:41b25eaa7d15909cf3ac4c96088c1f266a9a93ec44f87f1d13d4a0e86c81b982",
                "sha256:45de3f87179c1823e6d9e32156fb14c1927fcc9aba21433f088fdfb555b77c10",
                "sha256:46fb8c61d794b78ec7134a715a3e564aafc8f6b5e338417cb19fe9f57a5a9bf2",
                "sha256:48021783bdf96e3d6de03a6e39a1171ed5bd7e8bb93fc84cc649d11490f87cea",
                "sha256:4957669ef390f0e6719db3613ab3a7631e68424604a7b448f079bee145da6e09",
                "sha256:5e86d77b090dbddbe78867a0275cb4df08ea195e660f1f7f13435a4649e954e5",
                "sha256:6339d047dab2780cc6220f46306628e04d9750f02f983ddb37439ca47ced7149",
                "sha256:681eb3d7e02e3c3655d1b16059fbfb605ac464c834a0c629048a30fad2b27489",
                "sha256:6c409c0deba34f147f77efaa67b8e4bb83d2f11c8806405f76397ae5b8c0d1c9",
                "sha256:7095f6fbfaa55defb6b733cfeb14efaae7a29f0b59d8cf213be4e7ca0b857b80",
                "sha256:70c610f6cbe4b9fce272c407dd9d07e33e6bf7b4aa1b7ffb6f6ded8e634e3592",
                "sha256:72814c01533f51d68702802d74f77ea026b5ec52793c791e2da806a3844a46c3",
                "sha256:7a4826ad2bd6b07ca615c74ab91f32f6c96d08f6fcc3902ceeedaec8cdc3bcd6",
                "sha256:7c70087bfee18a42b4040bb9ec1ca15a08242cf5867c58726530bdf3945672ed",
                "sha256:855eafa5d5a2034b4621c74925d89c5efef61418570e5ef9b37717d9c796419c",
                "sha256:8700f06d0ce6f128de3ccdbc1acaea1ee264d2caa9ca05daaf492fde7c2a7200",
                "sha256:89f1b185a01fe560bc8ae5f619e924407efca2191b56ce749ec84982fc59a32a",
                "sha256:8b2c760cfc7042b27ebdb4a43a4453bd829a5742503599144d54a032c5dc7e9e",
                "sha256:8c2f5e83493748286002f9369f3e6607c565a6a90425a3a1fef5ae32a36d749d",
                "sha256:8e098148dd37b4ce3baca71fb394c81dc5d9c7728c95df695d2dca218edf40e6",
                "sha256:94aea8eff76ee6d1cdacb07dd2123a68283cb5569e0250feab1240058f53b623",
                "sha256:95eb302ff792e12aba9a8b8f8474ab229a83c103d74a750ec0bd1c1eea32e669",
                "sha256:9bd9b3b31adcb054116447ea22caa61a285d92e94d710aa5ec97992ff5eb7cf3",
                "sha256:9e608aafdb55eb9f255034709e20d5a83b6d60c054df0802fa9c9883d0a937aa",
                "sha256:a103b3a7069b62f5d4890ae1b8f0597618f628b286b03d4bc9195230b154bfa9",
                "sha256:a386ebe437176aab38c041de1260cd3ea459c6ce5263594399880bbc398225b2",
                "sha256:a38856a971c602f98472050165cea2cdc97709240373041b69030be15047691f",
                "sha256:a401b4598e5d3f4a9a811f3daf42ee2291790c7f9d74b18d75d6e21dda98a1a1",
                "sha256:a7647ebdfb9682b7bb97e2a5e7cb6ae735b1c25008a70b906aecca294ee96cf4",
                "sha256:aaf63899c94de41fe3cf934601b0f7ccb6b428c6e4eeb80da72c58eab077b19a",
                "sha256:b0dac0ff919ba34d4df1b6131f59ce95b08b9065233446be7e459f95554c0dc8",
                "sha256:baacc6aee0b2ef6f3d308e197b5d7a81c0e70b06beae1f1fcacffdbd124fe0e3",
                "sha256:bf420121d4c8dce6b889f0e8e4ec0ca34b7f40186203f06a946fa0276ba54029",
                "sha256:c04a46716adde8d927adb9457bbe39cf473e1e2c2f5d0a16ceb837e5d841ad4f",
                "sha256:c0b21078a4b56965e2b12f247467b234734491897e99c1d51cee628da9786959",
                "sha256:c1c76a1743432b4b60ab3358c937a3fe1341c828ae6194108a94c69028247f22",
                "sha256:c4983bf937209c57240cff65906b18bb35e64ae872da6a0db937d7b4af845dd7",
                "sha256:c4fb39a81950ec280984b3a44f5bd12819953dc5fa3a7e6fa7a80db5ee853952",
                "sha256:c57921cda3a80d0f2b8aec7e25c8aa14479ea92b5b51b6876d975d925a2ea346",
                "sha256:c8063cf17b19661471ecbdb3df1c84f24ad2e389e326ccaf89e3fb2484d8dd7e",
                "sha256:ccd16eb18a849fd8dcb23e23380e2f0a354e8daa0c984b8a732d9cfaba3a776d",
                "sha256:cd6dbe0238f7743d0efe563ab46294f54f9bc8f4b9bcf57c3c666cc5bc9d1299",
                "sha256:d62e51710986674142526ab9f78663ca2b0726066ae26b78b22e0f5e571238dd",
                "sha256:db901e2ac34c931d73054d9797383d0f8009991e723dab15109740a63e7f902a",
                "sha256:e03b8895a6990c9ab2cdcd0f2fe44088ca1c65ae592b8f795c3294af00a461c3",
                "sha256:e1c8a2f4c69e08e89632defbfabec2feb8a8d99edc9f89ce33c4b9e36ab63037",
                "sha256:e4b749b9cc6ee664a3300bb3a273c1ca8068c46be705b6c31cf5d276f8628a94",
                "sha256:e6a5bf2cba5ae1bb80b154ed68a3cfa2fa00fde979a7f50d6598d3e17d9ac20c",
                "sha256:e857a2232ba53ae940d3456f7533ce6ca98b81917d47adc3c7fd55dad8fab858",
                "sha256:ee4006268ed33370957f55bf2e6f4d263eaf4dc3cfc473d1d90baff6ed36ce4a",
                "sha256:eef9df1eefada2c09a5e7a40991b9fc6ac6ef20b1372abd48d2794a316dc0449",
                "sha256:f058f6963fd82eb143c692cecdc89e075fa0828db2e5b291070485390b2f1c9c",
                "sha256:f25c229a6ba38a35ae6e25ca1264621cc25d4d38dca2942a7fce0b67a4efe918",
                "sha256:f2a1d0fd4242bd8643ce6f98927cf9c04540af6efa92323e9d3124f57727bfc1",
                "sha256:f7560358a6811e52e9c4d142d497f1a6e10103d3a6881f18d04dbce3729c0e2c",
                "sha256:f779d3ad205f108d14e99bb3859aa7dd8e9c68874617c72354d7ecaec2a054ac",
                "sha256:f87f746ee241d30d6ed93969de31e5ffd09a2961a051e60ae6bddde9ec3583aa"
            ],
            "markers": "python_version >= '3.7'",
            "version": "==3.2.0"
        },
        "colorlog": {
            "hashes": [
                "sha256:0d33ca236784a1ba3ff9c532d4964126d8a2c44f1f0cb1d2b0728196f512f662",
                "sha256:bd94bd21c1e13fac7bd3153f4bc3a7dc0eb0974b8bc2fdf1a989e474f6e582e5"
            ],
            "markers": "python_version >= '3.6'",
            "version": "==6.7.0"
        },
        "furl": {
            "hashes": [
                "sha256:5a6188fe2666c484a12159c18be97a1977a71d632ef5bb867ef15f54af39cc4e",
                "sha256:9ab425062c4217f9802508e45feb4a83e54324273ac4b202f1850363309666c0"
            ],
            "version": "==2.1.3"
        },
        "idna": {
            "hashes": [
                "sha256:814f528e8dead7d329833b91c5faa87d60bf71824cd12a7530b5526063d02cb4",
                "sha256:90b77e79eaa3eba6de819a0c442c0b4ceefc341a7a2ab77d7562bf49f425c5c2"
            ],
            "markers": "python_version >= '3.5'",
            "version": "==3.4"
        },
        "libtaxii": {
            "hashes": [
                "sha256:2ab065e4510b5ab3ad378cf845156a3ce9c362a873ba731726eca2d9b52f48b7",
                "sha256:7191b3a8db1f8eb379a640ca1e771d62f0a66d97496ddb347636506964b9e2e2"
            ],
            "version": "==1.1.119"
        },
        "lxml": {
            "hashes": [
                "sha256:016b96c58e9a4528219bb563acf1aaaa8bc5452e7651004894a973f03b84ba81",
                "sha256:05123fad495a429f123307ac6d8fd6f977b71e9a0b6d9aeeb8f80c017cb17131",
                "sha256:057e30d0012439bc54ca427a83d458752ccda725c1c161cc283db07bcad43cf9",
                "sha256:06a20d607a86fccab2fc15a77aa445f2bdef7b49ec0520a842c5c5afd8381576",
                "sha256:094b28ed8a8a072b9e9e2113a81fda668d2053f2ca9f2d202c2c8c7c2d6516b1",
                "sha256:0bcfadea3cdc68e678d2b20cb16a16716887dd00a881e16f7d806c2138b8ff0c",
                "sha256:0d6b2fa86becfa81f0a0271ccb9eb127ad45fb597733a77b92e8a35e53414914",
                "sha256:0f2cfae0688fd01f7056a17367e3b84f37c545fb447d7282cf2c242b16262607",
                "sha256:106b7b5d2977b339f1e97efe2778e2ab20e99994cbb0ec5e55771ed0795920c8",
                "sha256:133f3493253a00db2c870d3740bc458ebb7d937bd0a6a4f9328373e0db305709",
                "sha256:136bf638d92848a939fd8f0e06fcf92d9f2e4b57969d94faae27c55f3d85c05b",
                "sha256:155e1a5693cf4b55af652f5c0f78ef36596c7f680ff3ec6eb4d7d85367259b2c",
                "sha256:1637fa31ec682cd5760092adfabe86d9b718a75d43e65e211d5931809bc111e7",
                "sha256:172d65f7c72a35a6879217bcdb4bb11bc88d55fb4879e7569f55616062d387c2",
                "sha256:17b5d7f8acf809465086d498d62a981fa6a56d2718135bb0e4aa48c502055f5c",
                "sha256:198bb4b4dd888e8390afa4f170d4fa28467a7eaf857f1952589f16cfbb67af27",
                "sha256:1b6f92e35e2658a5ed51c6634ceb5ddae32053182851d8cad2a5bc102a359b33",
                "sha256:1b92fe86e04f680b848fff594a908edfa72b31bfc3499ef7433790c11d4c8cd8",
                "sha256:1bcc211542f7af6f2dfb705f5f8b74e865592778e6cafdfd19c792c244ccce19",
                "sha256:1c93ed3c998ea8472be98fb55aed65b5198740bfceaec07b2eba551e55b7b9ae",
                "sha256:203b1d3eaebd34277be06a3eb880050f18a4e4d60861efba4fb946e31071a295",
                "sha256:22ec2b3c191f43ed21f9545e9df94c37c6b49a5af0a874008ddc9132d49a2d9c",
                "sha256:231cf4d140b22a923b1d0a0a4e0b4f972e5893efcdec188934cc65888fd0227b",
                "sha256:236610b77589faf462337b3305a1be91756c8abc5a45ff7ca8f245a71c5dab70",
                "sha256:29bfc8d3d88e56ea0a27e7c4897b642706840247f59f4377d81be8f32aa0cfbf",
                "sha256:2b8969dbc8d09d9cd2ae06362c3bad27d03f433252601ef658a49bd9f2b22d79",
                "sha256:2dd0b80ac2d8f13ffc906123a6f20b459cb50a99222d0da492360512f3e50f84",
                "sha256:2df7ed5edeb6bd5590914cd61df76eb6cce9d590ed04ec7c183cf5509f73530d",
                "sha256:2e4a570f6a99e96c457f7bec5ad459c9c420ee80b99eb04cbfcfe3fc18ec6423",
                "sha256:2f1be45d4c15f237209bbf123a0e05b5d630c8717c42f59f31ea9eae2ad89394",
                "sha256:2f23cf50eccb3255b6e913188291af0150d89dab44137a69e14e4dcb7be981f1",
                "sha256:3031e4c16b59424e8d78522c69b062d301d951dc55ad8685736c3335a97fc270",
                "sha256:33e06717c00c788ab4e79bc4726ecc50c54b9bfb55355eae21473c145d83c2d2",
                "sha256:364de8f57d6eda0c16dcfb999af902da31396949efa0e583e12675d09709881b",
                "sha256:3715cdf0dd31b836433af9ee9197af10e3df41d273c19bb249230043667a5dfd",
                "sha256:3bb8149840daf2c3f97cebf00e4ed4a65a0baff888bf2605a8d0135ff5cf764e",
                "sha256:3c3c8b55c7fc7b7e8877b9366568cc73d68b82da7fe33d8b98527b73857a225f",
                "sha256:3d68eeef7b4d08a25e51897dac29bcb62aba830e9ac6c4e3297ee7c6a0cf6439",
                "sha256:3dddf0fb832486cc1ea71d189cb92eb887826e8deebe128884e15020bb6e3f61",
                "sha256:3edbb9c9130bac05d8c3fe150c51c337a471cc7fdb6d2a0a7d3a88e88a829314",
                "sha256:3effe081b3135237da6e4c4530ff2a868d3f80be0bda027e118a5971285d42d0",
                "sha256:422c179022ecdedbe58b0e242607198580804253da220e9454ffe848daa1cfd2",
                "sha256:42978a68d3825eaac55399eb37a4d52012a205c0c6262199b8b44fcc6fd686e8",
                "sha256:4399b4226c4785575fb20998dc571bc48125dc92c367ce2602d0d70e0c455eb0",
                "sha256:45fbb70ccbc8683f2fb58bea89498a7274af1d9ec7995e9f4af5604e028233fc",
                "sha256:4867361c049761a56bd21de507cab2c2a608c55102311d142ade7dab67b34f32",
                "sha256:48fd46bf7155def2e15287c6f2b133a2f78e2d22cdf55647269977b873c65499",
                "sha256:4b0d5cdba1b655d5b18042ac9c9ff50bda33568eb80feaaca4fc237b9c4fbfde",
                "sha256:4df0ec814b50275ad6a99bc82a38b59f90e10e47714ac9871e1b223895825468",
                "sha256:4e52e1b148867b01c05e21837586ee307a01e793b94072d7c7b91d2c2da02ffe",
                "sha256:514fe78fc4b87e7a7601c92492210b20a1b0c6ab20e71e81307d9c2e377c64de",
                "sha256:524ccfded8989a6595dbdda80d779fb977dbc9a7bc458864fc9a0c2fc15dc877",
                "sha256:528f3a0498a8edc69af0559bdcf8a9f5a8bf7c00051a6ef3141fdcf27017bbf5",
                "sha256:52d82b0d436edd6a1d22d94a344b9a58abd6c68c357ed44f22d4ba8179b37629",
                "sha256:5412500e0dc5481b1ee9cf6b38bb3b473f6e411eb62b83dc9b62699c3b7b79f7",
                "sha256:585c4dc429deebc4307187d2b71ebe914843185ae16a4d582ee030e6cfbb4d8a",
                "sha256:5865b270b420eda7b68928d70bb517ccbe045e53b1a428129bb44372bf3d7dd5",
                "sha256:5881aaa4bf3a2d086c5f20371d3a5856199a0d8ac72dd8d0dbd7a2ecfc26ab73",
                "sha256:5885bc586f1edb48e5d68e7a4b4757b5feb2a496b64f462b4d65950f5af3364f",
                "sha256:5a11b16a33656ffc43c92a5343a28dc71eefe460bcc2a4923a96f292692709f6",
                "sha256:5a997b784a639e05b9d4053ef3b20c7e447ea80814a762f25b8ed5a89d261eac",
                "sha256:5be8f5e4044146a69c96077c7e08f0709c13a314aa5315981185c1f00235fe65",
                "sha256:63d57fc94eb0bbb4735e45517afc21ef262991d8758a8f2f05dd6e4174944519",
                "sha256:673b9d8e780f455091200bba8534d5f4f465944cbdd61f31dc832d70e29064a5",
                "sha256:67d2f8ad9dcc3a9e826bdc7802ed541a44e124c29b7d95a679eeb58c1c14ade8",
                "sha256:67f5e80adf0aafc7b5454f2c1cb0cde920c9b1f2cbd0485f07cc1d0497c35c5d",
                "sha256:68018c4c67d7e89951a91fbd371e2e34cd8cfc71f0bb43b5332db38497025d51",
                "sha256:6c4dd3bfd0c82400060896717dd261137398edb7e524527438c54a8c34f736bf",
                "sha256:71f31eda4e370f46af42fc9f264fafa1b09f46ba07bdbee98f25689a04b81c20",
                "sha256:7512b4d0fc5339d5abbb14d1843f70499cab90d0b864f790e73f780f041615d7",
                "sha256:75fa3d6946d317ffc7016a6fcc44f42db6d514b7fdb8b4b28cbe058303cb6e53",
                "sha256:779e851fd0e19795ccc8a9bb4d705d6baa0ef475329fe44a13cf1e962f18ff1e",
                "sha256:796520afa499732191e39fc95b56a3b07f95256f2d22b1c26e217fb69a9db5b5",
                "sha256:7aae7a3d63b935babfdc6864b31196afd5145878ddd22f5200729006366bc4d5",
                "sha256:7b82e67c5feb682dbb559c3e6b78355f234943053af61606af126df2183b9ef9",
                "sha256:7c0536bd9178f754b277a3e53f90f9c9454a3bd108b1531ffff720e082d824f2",
                "sha256:7eda194dd46e40ec745bf76795a7cccb02a6a41f445ad49d3cf66518b0bd9cff",
                "sha256:82a4bb10b0beef1434fb23a09f001ab5ca87895596b4581fd53f1e5145a8934a",
                "sha256:85c4f11be9cf08917ac2a5a8b6e1ef63b2f8e3799cec194417e76826e5f1de9c",
                "sha256:88b72eb7222d918c967202024812c2bfb4048deeb69ca328363fb8e15254c549",
                "sha256:89934f9f791566e54c1d92cdc8f8fd0009447a5ecdb1ec6b810d5f8c4955f6be",
                "sha256:8b1942b3e4ed9ed551ed3083a2e6e0772de1e5e3aca872d955e2e86385fb7ff9",
                "sha256:8ffb141361108e864ab5f1813f66e4e1164181227f9b1f105b042729b6c15125",
                "sha256:8fffc08de02071c37865a155e5ea5fce0282e1546fd5bde7f6149fcaa32558ac",
                "sha256:91fb6a43d72b4f8863d21f347a9163eecbf36e76e2f51068d59cd004c506f332",
                "sha256:928e75a7200a4c09e6efc7482a1337919cc61fe1ba289f297827a5b76d8969c2",
                "sha256:96eef5b9f336f623ffc555ab47a775495e7e8846dde88de5f941e2906453a1ce",
                "sha256:a0611da6b07dd3720f492db1b463a4d1175b096b49438761cc9f35f0d9eaaef5",
                "sha256:a091026c3bf7519ab1e64655a3f52a59ad4a4e019a6f830c24d6430695b1cf6a",
                "sha256:a22f66270bd6d0804b02cd49dae2b33d4341015545d17f8426f2c4e22f557a23",
                "sha256:a243132767150a44e6a93cd1dde41010036e1cbc63cc3e9fe1712b277d926ce3",
                "sha256:a31fa7536ec1fb7155a0cd3a4e3d956c835ad0a43e3610ca32384d01f079ea1c",
                "sha256:a364e8e944d92dcbf33b6b494d4e0fb3499dcc3bd9485beb701aa4b4201fa414",
                "sha256:a4058f16cee694577f7e4dd410263cd0ef75644b43802a689c2b3c2a7e69453b",
                "sha256:a4b382e0e636ed54cd278791d93fe2c4f370772743f02bcbe431a160089025c9",
                "sha256:a83d3adea1e0ee36dac34627f78ddd7f093bb9cfc0a8e97f1572a949b695cb98",
                "sha256:a8ade0363f776f87f982572c2860cc43c65ace208db49c76df0a21dde4ddd16e",
                "sha256:aa59974880ab5ad8ef3afaa26f9bda148c5f39e06b11a8ada4660ecc9fb2feb3",
                "sha256:aa826340a609d0c954ba52fd831f0fba2a4165659ab0ee1a15e4aac21f302406",
                "sha256:aaca5a812f050ab55426c32177091130b1e49329b3f002a32934cd0245571307",
                "sha256:ae82fce1d964f065c32c9517309f0c7be588772352d2f40b1574a214bd6e6098",
                "sha256:aed57b541b589fa05ac248f4cb1c46cbb432ab82cbd467d1c4f6a2bdc18aecf9",
                "sha256:afa578b6524ff85fb365f454cf61683771d0170470c48ad9d170c48075f86725",
                "sha256:b0884e3f22d87c30694e625b1e62e6f30d39782c806287450d9dc2fdf07692fd",
                "sha256:b2aca14c235c7a08558fe0a4786a1a05873a01e86b474dfa8f6df49101853a4e",
                "sha256:b450d7cabcd49aa7ab46a3c6aa3ac7e1593600a1a0605ba536ec0f1b99a04322",
                "sha256:b725e70d15906d24615201e650d5b0388b08a5187a55f119f25874d0103f90dd",
                "sha256:bfbbab9316330cf81656fed435311386610f78b6c93cc5db4bebbce8dd146675",
                "sha256:c093c7088b40d8266f57ed71d93112bd64c6724d31f0794c1e52cc4857c28e0e",
                "sha256:c2e49dc23a10a1296b04ca9db200c44d3eb32c8d8ec532e8c1fd24792276522a",
                "sha256:c4393600915c308e546dc7003d74371744234e8444a28622d76fe19b98fa59d1",
                "sha256:c5ae125276f254b01daa73e2c103363d3e99e3e10505686ac7d9d2442dd4627a",
                "sha256:c6aacf00d05b38a5069826e50ae72751cb5bc27bdc4d5746203988e429b385bb",
                "sha256:c76722b5ed4a31ba103e0dc77ab869222ec36efe1a614e42e9bcea88a36186fe",
                "sha256:c809eef167bf4a57af4b03007004896f5c60bd38dc3852fcd97a26eae3d4c9e6",
                "sha256:c92ea6d9dd84a750b2bae72ff5e8cf5fdd13e58dda79c33e057862c29a8d5b50",
                "sha256:cb659702a45136c743bc130760c6f137870d4df3a9e14386478b8a0511abcfca",
                "sha256:ce0930a963ff593e8bb6fda49a503911accc67dee7e5445eec972668e672a0f0",
                "sha256:d0751528b97d2b19a388b302be2a0ee05817097bab46ff0ed76feeec24951f78",
                "sha256:d184f85ad2bb1f261eac55cddfcf62a70dee89982c978e92b9a74a1bfef2e367",
                "sha256:d2a3e412ce1849be34b45922bfef03df32d1410a06d1cdeb793a343c2f1fd666",
                "sha256:d61ec60945d694df806a9aec88e8f29a27293c6e424f8ff91c80416e3c617645",
                "sha256:db0c742aad702fd5d0c6611a73f9602f20aec2007c102630c06d7633d9c8f09a",
                "sha256:db4743e30d6f5f92b6d2b7c86b3ad250e0bad8dee4b7ad8a0c44bfb276af89a3",
                "sha256:dbf7bebc2275016cddf3c997bf8a0f7044160714c64a9b83975670a04e6d2252",
                "sha256:de1fc314c3ad6bc2f6bd5b5a5b9357b8c6896333d27fdbb7049aea8bd5af2d79",
                "sha256:df7e5edac4778127f2bf452e0721a58a1cfa4d1d9eac63bdd650535eb8543615",
                "sha256:e220f7b3e8656ab063d2eb0cd536fafef396829cafe04cb314e734f87649058f",
                "sha256:e3c623923967f3e5961d272718655946e5322b8d058e094764180cdee7bab1af",
                "sha256:e69add9b6b7b08c60d7ff0152c7c9a6c45b4a71a919be5abde6f98f1ea16421c",
                "sha256:e8e0d177b1fe251c3b1b914ab64135475c5273c8cfd2857964b2e3bb0fe196a7",
                "sha256:ef45f31aec9be01379fc6c10f1d9c677f032f2bac9383c827d44f620e8a88407",
                "sha256:f1208c1c67ec9e151d78aa3435aa9b08a488b53d9cfac9b699f15255a3461ef2",
                "sha256:f12582b8d3b4c6be1d298c49cb7ae64a3a73efaf4c2ab4e37db182e3545815ac",
                "sha256:f1de541a9893cf8a1b1db9bf0bf670a2decab42e3e82233d36a74eda7822b4c9",
                "sha256:f4eac0584cdc3285ef2e74eee1513a6001681fd9753b259e8159421ed28a72e5",
                "sha256:f7b64fcd670bca8800bc10ced36620c6bbb321e7bc1214b9c0c0df269c1dddc2",
                "sha256:fb7c61d4be18e930f75948705e9718618862e6fc2ed0d7159b2262be73f167a2"
            ],
            "index": "pypi",
            "markers": "python_version >= '3.6'",
            "version": "==5.3.1"
        },
        "netaddr": {
            "hashes": [
                "sha256:9822305b42ea1020d54fee322d43cee5622b044c07a1f0130b459bb467efcf88",
                "sha256:f4da4222ca8c3f43c8e18a8263e5426c750a3a837fdfeccf74c68d0408eaa3bf"
            ],
            "index": "pypi",
            "version": "==0.10.1"
        },
        "orderedmultidict": {
            "hashes": [
                "sha256:04070bbb5e87291cc9bfa51df413677faf2141c73c61d2a5f7b26bea3cd882ad",
                "sha256:43c839a17ee3cdd62234c47deca1a8508a3f2ca1d0678a3bf791c87cf84adbf3"
            ],
            "version": "==1.0.1"
        },
        "python-dateutil": {
            "hashes": [
                "sha256:0123cacc1627ae19ddf3c27a5de5bd67ee4586fbdd6440d9748f8abb483d3e86",
                "sha256:961d03dc3453ebbc59dbdea9e4e11c5651520a876d0f4db161e8674aae935da9"
            ],
            "markers": "python_version >= '2.7' and python_version not in '3.0, 3.1, 3.2, 3.3'",
            "version": "==2.8.2"
        },
        "pytz": {
            "hashes": [
                "sha256:01a0681c4b9684a28304615eba55d1ab31ae00bf68ec157ec3708a8182dbbcd0",
                "sha256:78f4f37d8198e0627c5f1143240bb0206b8691d8d7ac6d78fee88b78733f8c4a"
            ],
            "index": "pypi",
            "version": "==2022.7.1"
        },
        "requests": {
            "hashes": [
                "sha256:58cd2187c01e70e6e26505bca751777aa9f2ee0b7f4300988b709f44e013003f",
                "sha256:942c5a758f98d790eaed1a29cb6eefc7ffb0d1cf7af05c3d2791656dbd6ad1e1"
            ],
            "markers": "python_version >= '3.7'",
            "version": "==2.31.0"
        },
        "six": {
            "hashes": [
                "sha256:4721f391ed90541fddacab5acf947aa0d3dc7d27b2e1e8eda2be8970586c3274",
                "sha256:ff70335d468e7eb6ec65b95b99d3a2836546063f63acc5171de367e834932a81"
            ],
            "index": "pypi",
            "markers": "python_version >= '2.7' and python_version not in '3.0, 3.1, 3.2, 3.3'",
            "version": "==1.17.0"
        },
        "urllib3": {
            "hashes": [
                "sha256:8d22f86aae8ef5e410d4f539fde9ce6b2113a001bb4d189e0aed70642d602b11",
                "sha256:de7df1803967d2c2a98e4b11bb7d6bd9210474c46e8a0401514e3a42a75ebde4"
            ],
            "markers": "python_version >= '3.7'",
            "version": "==2.0.4"
        }
    },
    "develop": {}
}
